
Microsoft Visual Studio Solution File, Format Version 12.00
# Visual Studio Version 16
VisualStudioVersion = 16.0.33214.272
MinimumVisualStudioVersion = 10.0.40219.1
Project("{FAE04EC0-301F-11D3-BF4B-00C04F79EFBC}") = "EmployeeCRUD_scafoiding", "EmployeeCRUD_scafoiding\EmployeeCRUD_scafoiding.csproj", "{C9019560-6686-4A3C-947B-6CBF194A8565}"
EndProject
Global
	GlobalSection(SolutionConfigurationPlatforms) = preSolution
		Debug|Any CPU = Debug|Any CPU
		Release|Any CPU = Release|Any CPU
	EndGlobalSection
	GlobalSection(ProjectConfigurationPlatforms) = postSolution
		{C9019560-6686-4A3C-947B-6CBF194A8565}.Debug|Any CPU.ActiveCfg = Debug|Any CPU
		{C9019560-6686-4A3C-947B-6CBF194A8565}.Debug|Any CPU.Build.0 = Debug|Any CPU
		{C9019560-6686-4A3C-947B-6CBF194A8565}.Release|Any CPU.ActiveCfg = Release|Any CPU
		{C9019560-6686-4A3C-947B-6CBF194A8565}.Release|Any CPU.Build.0 = Release|Any CPU
	EndGlobalSection
	GlobalSection(SolutionProperties) = preSolution
		HideSolutionNode = FALSE
	EndGlobalSection
	GlobalSection(ExtensibilityGlobals) = postSolution
		SolutionGuid = {1A47D7C7-F72F-4E75-B13B-4C1F231B371D}
	EndGlobalSection
EndGlobal
